
Microsoft Visual Studio Solution File, Format Version 12.00
Project("{FAE04EC0-301F-11D3-BF4B-00C04F79EFBC}") = "LNbank", "LNbank\LNbank.csproj", "{DD3B5FC1-993D-4627-8C11-093D63971DCF}"
EndProject
Global
	GlobalSection(SolutionConfigurationPlatforms) = preSolution
		Debug|Any CPU = Debug|Any CPU
		Release|Any CPU = Release|Any CPU
	EndGlobalSection
	GlobalSection(ProjectConfigurationPlatforms) = postSolution
		{DD3B5FC1-993D-4627-8C11-093D63971DCF}.Debug|Any CPU.ActiveCfg = Debug|Any CPU
		{DD3B5FC1-993D-4627-8C11-093D63971DCF}.Debug|Any CPU.Build.0 = Debug|Any CPU
		{DD3B5FC1-993D-4627-8C11-093D63971DCF}.Release|Any CPU.ActiveCfg = Release|Any CPU
		{DD3B5FC1-993D-4627-8C11-093D63971DCF}.Release|Any CPU.Build.0 = Release|Any CPU
	EndGlobalSection
EndGlobal
