
Microsoft Visual Studio Solution File, Format Version 12.00
Project("{FAE04EC0-301F-11D3-BF4B-00C04F79EFBC}") = "LNblitz", "LNblitz\LNblitz.csproj", "{DD3B5FC1-993D-4627-8C11-093D63971DCF}"
EndProject
Project("{FAE04EC0-301F-11D3-BF4B-00C04F79EFBC}") = "BTCPayServer.Client", "..\server\BTCPayServer.Client\BTCPayServer.Client.csproj", "{56FAFC5F-DEBA-419F-B0AB-640A883466E3}"
EndProject
Global
	GlobalSection(SolutionConfigurationPlatforms) = preSolution
		Debug|Any CPU = Debug|Any CPU
		Release|Any CPU = Release|Any CPU
	EndGlobalSection
	GlobalSection(ProjectConfigurationPlatforms) = postSolution
		{DD3B5FC1-993D-4627-8C11-093D63971DCF}.Debug|Any CPU.ActiveCfg = Debug|Any CPU
		{DD3B5FC1-993D-4627-8C11-093D63971DCF}.Debug|Any CPU.Build.0 = Debug|Any CPU
		{DD3B5FC1-993D-4627-8C11-093D63971DCF}.Release|Any CPU.ActiveCfg = Release|Any CPU
		{DD3B5FC1-993D-4627-8C11-093D63971DCF}.Release|Any CPU.Build.0 = Release|Any CPU
		{56FAFC5F-DEBA-419F-B0AB-640A883466E3}.Debug|Any CPU.ActiveCfg = Debug|Any CPU
		{56FAFC5F-DEBA-419F-B0AB-640A883466E3}.Debug|Any CPU.Build.0 = Debug|Any CPU
		{56FAFC5F-DEBA-419F-B0AB-640A883466E3}.Release|Any CPU.ActiveCfg = Release|Any CPU
		{56FAFC5F-DEBA-419F-B0AB-640A883466E3}.Release|Any CPU.Build.0 = Release|Any CPU
	EndGlobalSection
EndGlobal
